
Microsoft Visual Studio Solution File, Format Version 12.00
# Visual Studio 15
VisualStudioVersion = 15.0.28010.2036
MinimumVisualStudioVersion = 10.0.40219.1
Project("{9A19103F-16F7-4668-BE54-9A1E7A4F7556}") = "Booklist", "Booklist\Booklist.csproj", "{134E30D0-BAD9-4089-8C34-3A7C320205C4}"
EndProject
Project("{9A19103F-16F7-4668-BE54-9A1E7A4F7556}") = "DataManagment", "DataManagment\DataManagment.csproj", "{3D72F8F9-8F68-4EA5-ACE4-F534004B94E8}"
EndProject
Project("{2150E333-8FDC-42A3-9474-1A3956D46DE8}") = "Test", "Test", "{A594ED16-BB06-47D1-A1E1-1471AA217203}"
EndProject
Project("{9A19103F-16F7-4668-BE54-9A1E7A4F7556}") = "Booklist.Test", "Test\Booklist.Test\Booklist.Test.csproj", "{FB77B341-33F2-4EE9-BC51-56C6A1628880}"
EndProject
Project("{9A19103F-16F7-4668-BE54-9A1E7A4F7556}") = "DataManagment.Test", "Test\DataManagment.Test\DataManagment.Test.csproj", "{5971388F-999D-4C12-87D2-52385AD9821F}"
EndProject
Project("{9A19103F-16F7-4668-BE54-9A1E7A4F7556}") = "Extensions", "Extensions\Extensions.csproj", "{E9EF2532-26E5-4C35-847A-1A64C4B3902F}"
EndProject
Project("{9A19103F-16F7-4668-BE54-9A1E7A4F7556}") = "Tools", "Tools\Tools.csproj", "{7FC1AFC7-B3FA-4F03-825F-757197F34BBE}"
EndProject
Project("{9A19103F-16F7-4668-BE54-9A1E7A4F7556}") = "Extensions.Test", "Test\Extensions.Test\Extensions.Test.csproj", "{4DCA177B-7940-45F1-A01F-112A28E662CF}"
EndProject
Project("{9A19103F-16F7-4668-BE54-9A1E7A4F7556}") = "Tools.Test", "Test\Tools.Test\Tools.Test.csproj", "{F61CC7AA-A2B0-49AA-BFD6-B1AD6A04FBF0}"
EndProject
Project("{FAE04EC0-301F-11D3-BF4B-00C04F79EFBC}") = "Models", "Models\Models.csproj", "{9856A358-C18A-4B3D-825D-6C58C09926F2}"
EndProject
Global
	GlobalSection(SolutionConfigurationPlatforms) = preSolution
		Debug|Any CPU = Debug|Any CPU
		Release|Any CPU = Release|Any CPU
	EndGlobalSection
	GlobalSection(ProjectConfigurationPlatforms) = postSolution
		{134E30D0-BAD9-4089-8C34-3A7C320205C4}.Debug|Any CPU.ActiveCfg = Debug|Any CPU
		{134E30D0-BAD9-4089-8C34-3A7C320205C4}.Debug|Any CPU.Build.0 = Debug|Any CPU
		{134E30D0-BAD9-4089-8C34-3A7C320205C4}.Release|Any CPU.ActiveCfg = Release|Any CPU
		{134E30D0-BAD9-4089-8C34-3A7C320205C4}.Release|Any CPU.Build.0 = Release|Any CPU
		{3D72F8F9-8F68-4EA5-ACE4-F534004B94E8}.Debug|Any CPU.ActiveCfg = Debug|Any CPU
		{3D72F8F9-8F68-4EA5-ACE4-F534004B94E8}.Debug|Any CPU.Build.0 = Debug|Any CPU
		{3D72F8F9-8F68-4EA5-ACE4-F534004B94E8}.Release|Any CPU.ActiveCfg = Release|Any CPU
		{3D72F8F9-8F68-4EA5-ACE4-F534004B94E8}.Release|Any CPU.Build.0 = Release|Any CPU
		{FB77B341-33F2-4EE9-BC51-56C6A1628880}.Debug|Any CPU.ActiveCfg = Debug|Any CPU
		{FB77B341-33F2-4EE9-BC51-56C6A1628880}.Debug|Any CPU.Build.0 = Debug|Any CPU
		{FB77B341-33F2-4EE9-BC51-56C6A1628880}.Release|Any CPU.ActiveCfg = Release|Any CPU
		{FB77B341-33F2-4EE9-BC51-56C6A1628880}.Release|Any CPU.Build.0 = Release|Any CPU
		{5971388F-999D-4C12-87D2-52385AD9821F}.Debug|Any CPU.ActiveCfg = Debug|Any CPU
		{5971388F-999D-4C12-87D2-52385AD9821F}.Debug|Any CPU.Build.0 = Debug|Any CPU
		{5971388F-999D-4C12-87D2-52385AD9821F}.Release|Any CPU.ActiveCfg = Release|Any CPU
		{5971388F-999D-4C12-87D2-52385AD9821F}.Release|Any CPU.Build.0 = Release|Any CPU
		{E9EF2532-26E5-4C35-847A-1A64C4B3902F}.Debug|Any CPU.ActiveCfg = Debug|Any CPU
		{E9EF2532-26E5-4C35-847A-1A64C4B3902F}.Debug|Any CPU.Build.0 = Debug|Any CPU
		{E9EF2532-26E5-4C35-847A-1A64C4B3902F}.Release|Any CPU.ActiveCfg = Release|Any CPU
		{E9EF2532-26E5-4C35-847A-1A64C4B3902F}.Release|Any CPU.Build.0 = Release|Any CPU
		{7FC1AFC7-B3FA-4F03-825F-757197F34BBE}.Debug|Any CPU.ActiveCfg = Debug|Any CPU
		{7FC1AFC7-B3FA-4F03-825F-757197F34BBE}.Debug|Any CPU.Build.0 = Debug|Any CPU
		{7FC1AFC7-B3FA-4F03-825F-757197F34BBE}.Release|Any CPU.ActiveCfg = Release|Any CPU
		{7FC1AFC7-B3FA-4F03-825F-757197F34BBE}.Release|Any CPU.Build.0 = Release|Any CPU
		{4DCA177B-7940-45F1-A01F-112A28E662CF}.Debug|Any CPU.ActiveCfg = Debug|Any CPU
		{4DCA177B-7940-45F1-A01F-112A28E662CF}.Debug|Any CPU.Build.0 = Debug|Any CPU
		{4DCA177B-7940-45F1-A01F-112A28E662CF}.Release|Any CPU.ActiveCfg = Release|Any CPU
		{4DCA177B-7940-45F1-A01F-112A28E662CF}.Release|Any CPU.Build.0 = Release|Any CPU
		{F61CC7AA-A2B0-49AA-BFD6-B1AD6A04FBF0}.Debug|Any CPU.ActiveCfg = Debug|Any CPU
		{F61CC7AA-A2B0-49AA-BFD6-B1AD6A04FBF0}.Debug|Any CPU.Build.0 = Debug|Any CPU
		{F61CC7AA-A2B0-49AA-BFD6-B1AD6A04FBF0}.Release|Any CPU.ActiveCfg = Release|Any CPU
		{F61CC7AA-A2B0-49AA-BFD6-B1AD6A04FBF0}.Release|Any CPU.Build.0 = Release|Any CPU
		{9856A358-C18A-4B3D-825D-6C58C09926F2}.Debug|Any CPU.ActiveCfg = Debug|Any CPU
		{9856A358-C18A-4B3D-825D-6C58C09926F2}.Debug|Any CPU.Build.0 = Debug|Any CPU
		{9856A358-C18A-4B3D-825D-6C58C09926F2}.Release|Any CPU.ActiveCfg = Release|Any CPU
		{9856A358-C18A-4B3D-825D-6C58C09926F2}.Release|Any CPU.Build.0 = Release|Any CPU
	EndGlobalSection
	GlobalSection(SolutionProperties) = preSolution
		HideSolutionNode = FALSE
	EndGlobalSection
	GlobalSection(NestedProjects) = preSolution
		{FB77B341-33F2-4EE9-BC51-56C6A1628880} = {A594ED16-BB06-47D1-A1E1-1471AA217203}
		{5971388F-999D-4C12-87D2-52385AD9821F} = {A594ED16-BB06-47D1-A1E1-1471AA217203}
		{4DCA177B-7940-45F1-A01F-112A28E662CF} = {A594ED16-BB06-47D1-A1E1-1471AA217203}
		{F61CC7AA-A2B0-49AA-BFD6-B1AD6A04FBF0} = {A594ED16-BB06-47D1-A1E1-1471AA217203}
	EndGlobalSection
	GlobalSection(ExtensibilityGlobals) = postSolution
		SolutionGuid = {657F3882-E4F8-4877-979C-2BDD62342828}
	EndGlobalSection
EndGlobal
